
Microsoft Visual Studio Solution File, Format Version 12.00
# Visual Studio Version 16
VisualStudioVersion = 16.0.29519.181
MinimumVisualStudioVersion = 10.0.40219.1
Project("{FAE04EC0-301F-11D3-BF4B-00C04F79EFBC}") = "Golem", "Golem\Golem.csproj", "{9652A6BA-3A5D-4DB3-B5A7-33AD8A94B445}"
EndProject
Global
	GlobalSection(SolutionConfigurationPlatforms) = preSolution
		Debug|Any CPU = Debug|Any CPU
		Release|Any CPU = Release|Any CPU
	EndGlobalSection
	GlobalSection(ProjectConfigurationPlatforms) = postSolution
		{9652A6BA-3A5D-4DB3-B5A7-33AD8A94B445}.Debug|Any CPU.ActiveCfg = Debug|Any CPU
		{9652A6BA-3A5D-4DB3-B5A7-33AD8A94B445}.Debug|Any CPU.Build.0 = Debug|Any CPU
		{9652A6BA-3A5D-4DB3-B5A7-33AD8A94B445}.Release|Any CPU.ActiveCfg = Release|Any CPU
		{9652A6BA-3A5D-4DB3-B5A7-33AD8A94B445}.Release|Any CPU.Build.0 = Release|Any CPU
	EndGlobalSection
	GlobalSection(SolutionProperties) = preSolution
		HideSolutionNode = FALSE
	EndGlobalSection
	GlobalSection(ExtensibilityGlobals) = postSolution
		SolutionGuid = {8FC8BC0D-AA08-4B3B-8427-1BAFB5074B0D}
	EndGlobalSection
EndGlobal
